<?xml version="1.0" encoding="utf-8"?>
<Project ToolsVersion="16.0" xmlns="http://schemas.microsoft.com/developer/msbuild/2003">
  <ItemGroup>
    <ClCompile Include="C:\Users\hjk\Desktop\VRender\Imgui\imgui.cpp">
      <Filter>Source</Filter>
    </ClCompile>
    <ClCompile Include="C:\Users\hjk\Desktop\VRender\Imgui\imgui_demo.cpp">
      <Filter>Source</Filter>
    </ClCompile>
    <ClCompile Include="C:\Users\hjk\Desktop\VRender\Imgui\imgui_draw.cpp">
      <Filter>Source</Filter>
    </ClCompile>
    <ClCompile Include="C:\Users\hjk\Desktop\VRender\Imgui\imgui_impl_dx12.cpp">
      <Filter>Source</Filter>
    </ClCompile>
    <ClCompile Include="C:\Users\hjk\Desktop\VRender\Imgui\imgui_impl_dx9.cpp">
      <Filter>Source</Filter>
    </ClCompile>
    <ClCompile Include="C:\Users\hjk\Desktop\VRender\Imgui\imgui_impl_win32.cpp">
      <Filter>Source</Filter>
    </ClCompile>
    <ClCompile Include="C:\Users\hjk\Desktop\VRender\Imgui\imgui_stdlib.cpp">
      <Filter>Source</Filter>
    </ClCompile>
    <ClCompile Include="C:\Users\hjk\Desktop\VRender\Imgui\imgui_widgets.cpp">
      <Filter>Source</Filter>
    </ClCompile>
  </ItemGroup>
  <ItemGroup>
    <ClInclude Include="C:\Users\hjk\Desktop\VRender\Imgui\imconfig.h">
      <Filter>Include</Filter>
    </ClInclude>
    <ClInclude Include="C:\Users\hjk\Desktop\VRender\Imgui\imgui.h">
      <Filter>Include</Filter>
    </ClInclude>
    <ClInclude Include="C:\Users\hjk\Desktop\VRender\Imgui\imgui_impl_dx12.h">
      <Filter>Include</Filter>
    </ClInclude>
    <ClInclude Include="C:\Users\hjk\Desktop\VRender\Imgui\imgui_impl_dx9.h">
      <Filter>Include</Filter>
    </ClInclude>
    <ClInclude Include="C:\Users\hjk\Desktop\VRender\Imgui\imgui_impl_win32.h">
      <Filter>Include</Filter>
    </ClInclude>
    <ClInclude Include="C:\Users\hjk\Desktop\VRender\Imgui\imgui_internal.h">
      <Filter>Include</Filter>
    </ClInclude>
    <ClInclude Include="C:\Users\hjk\Desktop\VRender\Imgui\imgui_stdlib.h">
      <Filter>Include</Filter>
    </ClInclude>
    <ClInclude Include="C:\Users\hjk\Desktop\VRender\Imgui\imstb_rectpack.h">
      <Filter>Include</Filter>
    </ClInclude>
    <ClInclude Include="C:\Users\hjk\Desktop\VRender\Imgui\imstb_textedit.h">
      <Filter>Include</Filter>
    </ClInclude>
    <ClInclude Include="C:\Users\hjk\Desktop\VRender\Imgui\imstb_truetype.h">
      <Filter>Include</Filter>
    </ClInclude>
  </ItemGroup>
  <ItemGroup>
    <CustomBuild Include="C:\Users\hjk\Desktop\VRender\Imgui\CMakeLists.txt" />
  </ItemGroup>
  <ItemGroup>
    <Filter Include="Include">
      <UniqueIdentifier>{A3EE2BCA-32E6-32C9-B6D1-6BE8190F3441}</UniqueIdentifier>
    </Filter>
    <Filter Include="Source">
      <UniqueIdentifier>{12B2C268-64A7-3A14-B179-A4862A55E85B}</UniqueIdentifier>
    </Filter>
  </ItemGroup>
</Project>
